<?xml version="1.0" encoding="UTF-8" standalone="yes" ?>
<CodeBlocks_project_file>
	<FileVersion major="1" minor="6" />
	<Project>
		<Option title="Allegro5-Practice" />
		<Option pch_mode="2" />
		<Option compiler="gcc" />
		<Build>
			<Target title="Debug-Linux">
				<Option platforms="Unix;" />
				<Option output="bin/Debug/Allegro5-Practice" prefix_auto="1" extension_auto="1" />
				<Option object_output="obj/Debug/" />
				<Option type="1" />
				<Option compiler="gcc" />
				<Compiler>
					<Add option="-g" />
				</Compiler>
				<Linker>
					<Add library="\usr\local\lib\liballegro.so" />
					<Add library="\usr\local\lib\liballegro_acodec.so" />
					<Add library="\usr\local\lib\liballegro_audio.so" />
					<Add library="\usr\local\lib\liballegro_color.so" />
					<Add library="\usr\local\lib\liballegro_dialog.so" />
					<Add library="\usr\local\lib\liballegro_font.so" />
					<Add library="\usr\local\lib\liballegro_image.so" />
					<Add library="\usr\local\lib\liballegro_main.so" />
					<Add library="\usr\local\lib\liballegro_memfile.so" />
					<Add library="\usr\local\lib\liballegro_physfs.so" />
					<Add library="\usr\local\lib\liballegro_primitives.so" />
					<Add library="\usr\local\lib\liballegro_ttf.so" />
				</Linker>
			</Target>
			<Target title="Release-Linux">
				<Option platforms="Unix;" />
				<Option output="bin/Release/Allegro5-Practice" prefix_auto="1" extension_auto="1" />
				<Option object_output="obj/Release/" />
				<Option type="1" />
				<Option compiler="gcc" />
				<Compiler>
					<Add option="-O2" />
				</Compiler>
				<Linker>
					<Add option="-s" />
				</Linker>
			</Target>
			<Target title="Debug-Windows">
				<Option platforms="Windows;" />
				<Option output="Allegro5-Practice-debug" prefix_auto="1" extension_auto="1" />
				<Option object_output="obj/Debug/" />
				<Option type="1" />
				<Option compiler="gcc" />
				<Compiler>
					<Add option="-pedantic" />
					<Add option="-Wextra" />
					<Add option="-Wall" />
					<Add option="-g" />
					<Add option="-DALLEGRO_STATICLINK" />
					<Add directory="C:/allegro-5.0.8-mingw-4.5.2/include" />
				</Compiler>
				<Linker>
					<Add option="-lgcc_eh" />
					<Add option="-static-libgcc" />
					<Add option="-static-libstdc++" />
					<Add library="$(#al.lib)\liballegro-5.0.8-monolith-static-mt-debug.a" />
					<Add library="$(#al.lib)\libdumb-0.9.3-static-mt-debug.a" />
					<Add library="$(#al.lib)\libFLAC-1.2.1-static-mt-debug.a" />
					<Add library="$(#al.lib)\libfreetype-2.4.8-static-mt-debug.a" />
					<Add library="$(#al.lib)\libogg-1.2.1-static-mt-debug.a" />
					<Add library="$(#al.lib)\libopenal-1.14-static-mt-debug.a" />
					<Add library="$(#al.lib)\libvorbis-1.3.2-static-mt-debug.a" />
					<Add library="$(#al.lib)\libvorbisfile-1.3.2-static-mt-debug.a" />
					<Add library="$(#al.lib)\libzlib-1.2.5-static-mt-debug.a" />
					<Add library="$(#gcc.lib)\libuuid.a" />
					<Add library="$(#gcc.lib)\libgdiplus.a" />
					<Add library="$(#gcc.lib)\libkernel32.a" />
					<Add library="$(#gcc.lib)\libwinmm.a" />
					<Add library="$(#gcc.lib)\libpsapi.a" />
					<Add library="$(#gcc.lib)\libopengl32.a" />
					<Add library="$(#gcc.lib)\libglu32.a" />
					<Add library="$(#gcc.lib)\libuser32.a" />
					<Add library="$(#gcc.lib)\libcomdlg32.a" />
					<Add library="$(#gcc.lib)\libgdi32.a" />
					<Add library="$(#gcc.lib)\libshell32.a" />
					<Add library="$(#gcc.lib)\libole32.a" />
					<Add library="$(#gcc.lib)\libadvapi32.a" />
					<Add library="$(#gcc.lib)\libws2_32.a" />
					<Add library="$(#gcc.lib)\libshlwapi.a" />
				</Linker>
			</Target>
			<Target title="Release-Windows">
				<Option platforms="Windows;" />
				<Option output="Allegro5-Practice" prefix_auto="1" extension_auto="1" />
				<Option object_output="obj/Release/" />
				<Option type="1" />
				<Option compiler="gcc" />
				<Compiler>
					<Add option="-Wshadow" />
					<Add option="-Winit-self" />
					<Add option="-Wredundant-decls" />
					<Add option="-Wcast-align" />
					<Add option="-Wundef" />
					<Add option="-Wfloat-equal" />
					<Add option="-Winline" />
					<Add option="-Wunreachable-code" />
					<Add option="-Wmissing-declarations" />
					<Add option="-Wmissing-include-dirs" />
					<Add option="-Wswitch-enum" />
					<Add option="-Wswitch-default" />
					<Add option="-Wmain" />
					<Add option="-pedantic" />
					<Add option="-DALLEGRO_STATICLINK" />
				</Compiler>
				<Linker>
					<Add option="-lgcc_eh" />
					<Add option="-static-libgcc" />
					<Add option="-static-libstdc++" />
					<Add library="$(#al.lib)\liballegro-5.0.7-monolith-static-mt.a" />
					<Add library="$(#al.lib)\libdumb-0.9.3-static-mt.a" />
					<Add library="$(#al.lib)\libFLAC-1.2.1-static-mt.a" />
					<Add library="$(#al.lib)\libfreetype-2.4.8-static-mt.a" />
					<Add library="$(#al.lib)\libogg-1.2.1-static-mt.a" />
					<Add library="$(#al.lib)\libopenal-1.14-static-mt.a" />
					<Add library="$(#al.lib)\libvorbis-1.3.2-static-mt.a" />
					<Add library="$(#al.lib)\libvorbisfile-1.3.2-static-mt.a" />
					<Add library="$(#al.lib)\libzlib-1.2.5-static-mt.a" />
					<Add library="$(#gcc.lib)\libuuid.a" />
					<Add library="$(#gcc.lib)\libgdiplus.a" />
					<Add library="$(#gcc.lib)\libkernel32.a" />
					<Add library="$(#gcc.lib)\libwinmm.a" />
					<Add library="$(#gcc.lib)\libpsapi.a" />
					<Add library="$(#gcc.lib)\libopengl32.a" />
					<Add library="$(#gcc.lib)\libglu32.a" />
					<Add library="$(#gcc.lib)\libuser32.a" />
					<Add library="$(#gcc.lib)\libcomdlg32.a" />
					<Add library="$(#gcc.lib)\libgdi32.a" />
					<Add library="$(#gcc.lib)\libshell32.a" />
					<Add library="$(#gcc.lib)\libole32.a" />
					<Add library="$(#gcc.lib)\libadvapi32.a" />
					<Add library="$(#gcc.lib)\libws2_32.a" />
					<Add library="$(#gcc.lib)\libshlwapi.a" />
				</Linker>
			</Target>
		</Build>
		<Compiler>
			<Add option="-pedantic-errors" />
			<Add option="-Wextra" />
			<Add option="-Wall" />
			<Add option="-fpermissive" />
			<Add directory="$(#al.include)/" />
		</Compiler>
		<Linker>
			<Add directory="$(#al.include)" />
		</Linker>
		<Unit filename="Common.cc" />
		<Unit filename="Common.h" />
		<Unit filename="Definitions.h" />
		<Unit filename="Entity.cc" />
		<Unit filename="Entity.h" />
		<Unit filename="MapManager.cc" />
		<Unit filename="MapManager.h" />
		<Unit filename="Structures.cc" />
		<Unit filename="Structures.h" />
		<Unit filename="TileLayer.cc" />
		<Unit filename="TileLayer.h" />
		<Unit filename="TileMap.cc" />
		<Unit filename="TileMap.h" />
		<Unit filename="TileSet.cc" />
		<Unit filename="TileSet.h" />
		<Unit filename="main.cpp" />
		<Unit filename="tinystr.cpp" />
		<Unit filename="tinystr.h" />
		<Unit filename="tinyxml.cpp" />
		<Unit filename="tinyxml.h" />
		<Unit filename="tinyxmlerror.cpp" />
		<Unit filename="tinyxmlparser.cpp" />
		<Extensions>
			<code_completion />
			<debugger />
			<envvars />
		</Extensions>
	</Project>
</CodeBlocks_project_file>
